
Microsoft Visual Studio Solution File, Format Version 12.00
# Visual Studio Version 16
VisualStudioVersion = 16.0.31702.278
MinimumVisualStudioVersion = 10.0.40219.1
Project("{8BC9CEB8-8B4A-11D0-8D11-00A0C91BC942}") = "0201_SqList", "0201_SqList\0201_SqList.vcxproj", "{2E69202B-146B-4D06-9DC4-A071DB5379A3}"
EndProject
Project("{8BC9CEB8-8B4A-11D0-8D11-00A0C91BC942}") = "0202_Union", "0202_Union\0202_Union.vcxproj", "{9169A344-8685-4F86-BE80-AA5F2ECABB99}"
EndProject
Project("{8BC9CEB8-8B4A-11D0-8D11-00A0C91BC942}") = "0203_MergeSqList", "0203_MergeList\0203_MergeList.vcxproj", "{444E1555-E40D-4B73-AA8F-C02FD5B0A49A}"
EndProject
Project("{8BC9CEB8-8B4A-11D0-8D11-00A0C91BC942}") = "0204_LinkList", "0204_LinkList\0204_LinkList.vcxproj", "{3EA3920C-C871-4CB3-B388-656618DEB90E}"
EndProject
Project("{8BC9CEB8-8B4A-11D0-8D11-00A0C91BC942}") = "0205_MergeLkList", "0205_MergeLkList\0205_MergeLkList.vcxproj", "{EAC20275-7327-44C7-9DAA-3F22984EB0BB}"
EndProject
Project("{8BC9CEB8-8B4A-11D0-8D11-00A0C91BC942}") = "0206_SLinkList", "0206_SLinkList\0206_SLinkList.vcxproj", "{6F480CDB-26F7-4EFB-AE10-4BC524E7FC32}"
EndProject
Project("{8BC9CEB8-8B4A-11D0-8D11-00A0C91BC942}") = "0207_Difference", "0207_Difference\0207_Difference.vcxproj", "{93AB3D0F-67CC-4652-B156-68C1B9D295FB}"
EndProject
Project("{8BC9CEB8-8B4A-11D0-8D11-00A0C91BC942}") = "0208_DuLinkList", "0208_DuLinkList\0208_DuLinkList.vcxproj", "{03846370-6559-4D34-9F26-F9475A4F3CF8}"
EndProject
Project("{8BC9CEB8-8B4A-11D0-8D11-00A0C91BC942}") = "0209_ElinkList", "0209_ElinkList\ElinkList.vcxproj", "{17718962-0792-4C59-A27F-981ED8AF2301}"
EndProject
Project("{8BC9CEB8-8B4A-11D0-8D11-00A0C91BC942}") = "0210_MergeELinkList", "0210_MergeELinkList\MergeELinkList.vcxproj", "{032124CF-4912-46B0-8770-345304106C5B}"
EndProject
Project("{8BC9CEB8-8B4A-11D0-8D11-00A0C91BC942}") = "0211_Polynomial", "0211_Polynomial\0211_Polynomial.vcxproj", "{F4242DF4-A04C-4AA6-A0DE-77B2E6CB322B}"
EndProject
Project("{8BC9CEB8-8B4A-11D0-8D11-00A0C91BC942}") = "0301_SqStack", "0301_SqStack\0301_SqStack.vcxproj", "{E44E7D74-290D-4FEC-85CC-6FAFC77CF0BF}"
EndProject
Project("{8BC9CEB8-8B4A-11D0-8D11-00A0C91BC942}") = "0302_Conversion", "0302_Conversion\0302_Conversion.vcxproj", "{A26C44A3-31D2-4FA1-89AE-7DB58B868AD5}"
EndProject
Project("{8BC9CEB8-8B4A-11D0-8D11-00A0C91BC942}") = "0303_LineEdit", "0303_LineEdit\0303_LineEdit.vcxproj", "{B0C37C10-58CA-46FB-9C36-4229964F778A}"
EndProject
Project("{8BC9CEB8-8B4A-11D0-8D11-00A0C91BC942}") = "0304_Maze", "0304_Maze\0304_Maze.vcxproj", "{B09FFD08-B46B-4FFB-BD31-98EDEE574AF9}"
EndProject
Project("{8BC9CEB8-8B4A-11D0-8D11-00A0C91BC942}") = "0305_Expression", "0305_Expression\0305_Expression.vcxproj", "{2DB92C65-4D77-462D-997E-04AF7F000CE8}"
EndProject
Project("{8BC9CEB8-8B4A-11D0-8D11-00A0C91BC942}") = "0306_Hanoi", "0306_Hanoi\0306_Hanoi.vcxproj", "{3C459716-71CA-4EA5-B28E-FFE2E74E53E1}"
EndProject
Project("{8BC9CEB8-8B4A-11D0-8D11-00A0C91BC942}") = "0307_LinkQueue", "0307_LinkQueue\0307_LinkQueue.vcxproj", "{A5515EF5-4B9B-4B59-8EF0-F65FAB64B6E4}"
EndProject
Project("{8BC9CEB8-8B4A-11D0-8D11-00A0C91BC942}") = "0308_SqQueue", "0308_SqQueue\0308_SqQueue.vcxproj", "{B775F2DF-BDA8-4722-8EB0-57AB18304041}"
EndProject
Project("{8BC9CEB8-8B4A-11D0-8D11-00A0C91BC942}") = "0401_SString", "0401_SString\0401_SString.vcxproj", "{8C18C6A0-E6C8-41A7-A061-24B1985B6733}"
EndProject
Project("{8BC9CEB8-8B4A-11D0-8D11-00A0C91BC942}") = "0402_HString", "0402_HString\0402_HString.vcxproj", "{4EDFE173-1126-4B50-9835-10766363E429}"
EndProject
Project("{8BC9CEB8-8B4A-11D0-8D11-00A0C91BC942}") = "0404_KMP", "0404_KMP\0404_KMP.vcxproj", "{FB8B0E10-74C3-409D-99FE-2F54869FCE2F}"
EndProject
Project("{8BC9CEB8-8B4A-11D0-8D11-00A0C91BC942}") = "0405_WordList", "0405_WordList\0405_WordList.vcxproj", "{7409FA6D-5041-4576-ACC0-FE3E2ECA8BE8}"
EndProject
Global
	GlobalSection(SolutionConfigurationPlatforms) = preSolution
		Debug|x64 = Debug|x64
		Debug|x86 = Debug|x86
		Release|x64 = Release|x64
		Release|x86 = Release|x86
	EndGlobalSection
	GlobalSection(ProjectConfigurationPlatforms) = postSolution
		{2E69202B-146B-4D06-9DC4-A071DB5379A3}.Debug|x64.ActiveCfg = Debug|x64
		{2E69202B-146B-4D06-9DC4-A071DB5379A3}.Debug|x64.Build.0 = Debug|x64
		{2E69202B-146B-4D06-9DC4-A071DB5379A3}.Debug|x86.ActiveCfg = Debug|Win32
		{2E69202B-146B-4D06-9DC4-A071DB5379A3}.Debug|x86.Build.0 = Debug|Win32
		{2E69202B-146B-4D06-9DC4-A071DB5379A3}.Release|x64.ActiveCfg = Release|x64
		{2E69202B-146B-4D06-9DC4-A071DB5379A3}.Release|x64.Build.0 = Release|x64
		{2E69202B-146B-4D06-9DC4-A071DB5379A3}.Release|x86.ActiveCfg = Release|Win32
		{2E69202B-146B-4D06-9DC4-A071DB5379A3}.Release|x86.Build.0 = Release|Win32
		{9169A344-8685-4F86-BE80-AA5F2ECABB99}.Debug|x64.ActiveCfg = Debug|x64
		{9169A344-8685-4F86-BE80-AA5F2ECABB99}.Debug|x64.Build.0 = Debug|x64
		{9169A344-8685-4F86-BE80-AA5F2ECABB99}.Debug|x86.ActiveCfg = Debug|Win32
		{9169A344-8685-4F86-BE80-AA5F2ECABB99}.Debug|x86.Build.0 = Debug|Win32
		{9169A344-8685-4F86-BE80-AA5F2ECABB99}.Release|x64.ActiveCfg = Release|x64
		{9169A344-8685-4F86-BE80-AA5F2ECABB99}.Release|x64.Build.0 = Release|x64
		{9169A344-8685-4F86-BE80-AA5F2ECABB99}.Release|x86.ActiveCfg = Release|Win32
		{9169A344-8685-4F86-BE80-AA5F2ECABB99}.Release|x86.Build.0 = Release|Win32
		{444E1555-E40D-4B73-AA8F-C02FD5B0A49A}.Debug|x64.ActiveCfg = Debug|x64
		{444E1555-E40D-4B73-AA8F-C02FD5B0A49A}.Debug|x64.Build.0 = Debug|x64
		{444E1555-E40D-4B73-AA8F-C02FD5B0A49A}.Debug|x86.ActiveCfg = Debug|Win32
		{444E1555-E40D-4B73-AA8F-C02FD5B0A49A}.Debug|x86.Build.0 = Debug|Win32
		{444E1555-E40D-4B73-AA8F-C02FD5B0A49A}.Release|x64.ActiveCfg = Release|x64
		{444E1555-E40D-4B73-AA8F-C02FD5B0A49A}.Release|x64.Build.0 = Release|x64
		{444E1555-E40D-4B73-AA8F-C02FD5B0A49A}.Release|x86.ActiveCfg = Release|Win32
		{444E1555-E40D-4B73-AA8F-C02FD5B0A49A}.Release|x86.Build.0 = Release|Win32
		{3EA3920C-C871-4CB3-B388-656618DEB90E}.Debug|x64.ActiveCfg = Debug|x64
		{3EA3920C-C871-4CB3-B388-656618DEB90E}.Debug|x64.Build.0 = Debug|x64
		{3EA3920C-C871-4CB3-B388-656618DEB90E}.Debug|x86.ActiveCfg = Debug|Win32
		{3EA3920C-C871-4CB3-B388-656618DEB90E}.Debug|x86.Build.0 = Debug|Win32
		{3EA3920C-C871-4CB3-B388-656618DEB90E}.Release|x64.ActiveCfg = Release|x64
		{3EA3920C-C871-4CB3-B388-656618DEB90E}.Release|x64.Build.0 = Release|x64
		{3EA3920C-C871-4CB3-B388-656618DEB90E}.Release|x86.ActiveCfg = Release|Win32
		{3EA3920C-C871-4CB3-B388-656618DEB90E}.Release|x86.Build.0 = Release|Win32
		{EAC20275-7327-44C7-9DAA-3F22984EB0BB}.Debug|x64.ActiveCfg = Debug|x64
		{EAC20275-7327-44C7-9DAA-3F22984EB0BB}.Debug|x64.Build.0 = Debug|x64
		{EAC20275-7327-44C7-9DAA-3F22984EB0BB}.Debug|x86.ActiveCfg = Debug|Win32
		{EAC20275-7327-44C7-9DAA-3F22984EB0BB}.Debug|x86.Build.0 = Debug|Win32
		{EAC20275-7327-44C7-9DAA-3F22984EB0BB}.Release|x64.ActiveCfg = Release|x64
		{EAC20275-7327-44C7-9DAA-3F22984EB0BB}.Release|x64.Build.0 = Release|x64
		{EAC20275-7327-44C7-9DAA-3F22984EB0BB}.Release|x86.ActiveCfg = Release|Win32
		{EAC20275-7327-44C7-9DAA-3F22984EB0BB}.Release|x86.Build.0 = Release|Win32
		{6F480CDB-26F7-4EFB-AE10-4BC524E7FC32}.Debug|x64.ActiveCfg = Debug|x64
		{6F480CDB-26F7-4EFB-AE10-4BC524E7FC32}.Debug|x64.Build.0 = Debug|x64
		{6F480CDB-26F7-4EFB-AE10-4BC524E7FC32}.Debug|x86.ActiveCfg = Debug|Win32
		{6F480CDB-26F7-4EFB-AE10-4BC524E7FC32}.Debug|x86.Build.0 = Debug|Win32
		{6F480CDB-26F7-4EFB-AE10-4BC524E7FC32}.Release|x64.ActiveCfg = Release|x64
		{6F480CDB-26F7-4EFB-AE10-4BC524E7FC32}.Release|x64.Build.0 = Release|x64
		{6F480CDB-26F7-4EFB-AE10-4BC524E7FC32}.Release|x86.ActiveCfg = Release|Win32
		{6F480CDB-26F7-4EFB-AE10-4BC524E7FC32}.Release|x86.Build.0 = Release|Win32
		{93AB3D0F-67CC-4652-B156-68C1B9D295FB}.Debug|x64.ActiveCfg = Debug|x64
		{93AB3D0F-67CC-4652-B156-68C1B9D295FB}.Debug|x64.Build.0 = Debug|x64
		{93AB3D0F-67CC-4652-B156-68C1B9D295FB}.Debug|x86.ActiveCfg = Debug|Win32
		{93AB3D0F-67CC-4652-B156-68C1B9D295FB}.Debug|x86.Build.0 = Debug|Win32
		{93AB3D0F-67CC-4652-B156-68C1B9D295FB}.Release|x64.ActiveCfg = Release|x64
		{93AB3D0F-67CC-4652-B156-68C1B9D295FB}.Release|x64.Build.0 = Release|x64
		{93AB3D0F-67CC-4652-B156-68C1B9D295FB}.Release|x86.ActiveCfg = Release|Win32
		{93AB3D0F-67CC-4652-B156-68C1B9D295FB}.Release|x86.Build.0 = Release|Win32
		{03846370-6559-4D34-9F26-F9475A4F3CF8}.Debug|x64.ActiveCfg = Debug|x64
		{03846370-6559-4D34-9F26-F9475A4F3CF8}.Debug|x64.Build.0 = Debug|x64
		{03846370-6559-4D34-9F26-F9475A4F3CF8}.Debug|x86.ActiveCfg = Debug|Win32
		{03846370-6559-4D34-9F26-F9475A4F3CF8}.Debug|x86.Build.0 = Debug|Win32
		{03846370-6559-4D34-9F26-F9475A4F3CF8}.Release|x64.ActiveCfg = Release|x64
		{03846370-6559-4D34-9F26-F9475A4F3CF8}.Release|x64.Build.0 = Release|x64
		{03846370-6559-4D34-9F26-F9475A4F3CF8}.Release|x86.ActiveCfg = Release|Win32
		{03846370-6559-4D34-9F26-F9475A4F3CF8}.Release|x86.Build.0 = Release|Win32
		{17718962-0792-4C59-A27F-981ED8AF2301}.Debug|x64.ActiveCfg = Debug|x64
		{17718962-0792-4C59-A27F-981ED8AF2301}.Debug|x64.Build.0 = Debug|x64
		{17718962-0792-4C59-A27F-981ED8AF2301}.Debug|x86.ActiveCfg = Debug|Win32
		{17718962-0792-4C59-A27F-981ED8AF2301}.Debug|x86.Build.0 = Debug|Win32
		{17718962-0792-4C59-A27F-981ED8AF2301}.Release|x64.ActiveCfg = Release|x64
		{17718962-0792-4C59-A27F-981ED8AF2301}.Release|x64.Build.0 = Release|x64
		{17718962-0792-4C59-A27F-981ED8AF2301}.Release|x86.ActiveCfg = Release|Win32
		{17718962-0792-4C59-A27F-981ED8AF2301}.Release|x86.Build.0 = Release|Win32
		{032124CF-4912-46B0-8770-345304106C5B}.Debug|x64.ActiveCfg = Debug|x64
		{032124CF-4912-46B0-8770-345304106C5B}.Debug|x64.Build.0 = Debug|x64
		{032124CF-4912-46B0-8770-345304106C5B}.Debug|x86.ActiveCfg = Debug|Win32
		{032124CF-4912-46B0-8770-345304106C5B}.Debug|x86.Build.0 = Debug|Win32
		{032124CF-4912-46B0-8770-345304106C5B}.Release|x64.ActiveCfg = Release|x64
		{032124CF-4912-46B0-8770-345304106C5B}.Release|x64.Build.0 = Release|x64
		{032124CF-4912-46B0-8770-345304106C5B}.Release|x86.ActiveCfg = Release|Win32
		{032124CF-4912-46B0-8770-345304106C5B}.Release|x86.Build.0 = Release|Win32
		{F4242DF4-A04C-4AA6-A0DE-77B2E6CB322B}.Debug|x64.ActiveCfg = Debug|x64
		{F4242DF4-A04C-4AA6-A0DE-77B2E6CB322B}.Debug|x64.Build.0 = Debug|x64
		{F4242DF4-A04C-4AA6-A0DE-77B2E6CB322B}.Debug|x86.ActiveCfg = Debug|Win32
		{F4242DF4-A04C-4AA6-A0DE-77B2E6CB322B}.Debug|x86.Build.0 = Debug|Win32
		{F4242DF4-A04C-4AA6-A0DE-77B2E6CB322B}.Release|x64.ActiveCfg = Release|x64
		{F4242DF4-A04C-4AA6-A0DE-77B2E6CB322B}.Release|x64.Build.0 = Release|x64
		{F4242DF4-A04C-4AA6-A0DE-77B2E6CB322B}.Release|x86.ActiveCfg = Release|Win32
		{F4242DF4-A04C-4AA6-A0DE-77B2E6CB322B}.Release|x86.Build.0 = Release|Win32
		{E44E7D74-290D-4FEC-85CC-6FAFC77CF0BF}.Debug|x64.ActiveCfg = Debug|x64
		{E44E7D74-290D-4FEC-85CC-6FAFC77CF0BF}.Debug|x64.Build.0 = Debug|x64
		{E44E7D74-290D-4FEC-85CC-6FAFC77CF0BF}.Debug|x86.ActiveCfg = Debug|Win32
		{E44E7D74-290D-4FEC-85CC-6FAFC77CF0BF}.Debug|x86.Build.0 = Debug|Win32
		{E44E7D74-290D-4FEC-85CC-6FAFC77CF0BF}.Release|x64.ActiveCfg = Release|x64
		{E44E7D74-290D-4FEC-85CC-6FAFC77CF0BF}.Release|x64.Build.0 = Release|x64
		{E44E7D74-290D-4FEC-85CC-6FAFC77CF0BF}.Release|x86.ActiveCfg = Release|Win32
		{E44E7D74-290D-4FEC-85CC-6FAFC77CF0BF}.Release|x86.Build.0 = Release|Win32
		{A26C44A3-31D2-4FA1-89AE-7DB58B868AD5}.Debug|x64.ActiveCfg = Debug|x64
		{A26C44A3-31D2-4FA1-89AE-7DB58B868AD5}.Debug|x64.Build.0 = Debug|x64
		{A26C44A3-31D2-4FA1-89AE-7DB58B868AD5}.Debug|x86.ActiveCfg = Debug|Win32
		{A26C44A3-31D2-4FA1-89AE-7DB58B868AD5}.Debug|x86.Build.0 = Debug|Win32
		{A26C44A3-31D2-4FA1-89AE-7DB58B868AD5}.Release|x64.ActiveCfg = Release|x64
		{A26C44A3-31D2-4FA1-89AE-7DB58B868AD5}.Release|x64.Build.0 = Release|x64
		{A26C44A3-31D2-4FA1-89AE-7DB58B868AD5}.Release|x86.ActiveCfg = Release|Win32
		{A26C44A3-31D2-4FA1-89AE-7DB58B868AD5}.Release|x86.Build.0 = Release|Win32
		{B0C37C10-58CA-46FB-9C36-4229964F778A}.Debug|x64.ActiveCfg = Debug|x64
		{B0C37C10-58CA-46FB-9C36-4229964F778A}.Debug|x64.Build.0 = Debug|x64
		{B0C37C10-58CA-46FB-9C36-4229964F778A}.Debug|x86.ActiveCfg = Debug|Win32
		{B0C37C10-58CA-46FB-9C36-4229964F778A}.Debug|x86.Build.0 = Debug|Win32
		{B0C37C10-58CA-46FB-9C36-4229964F778A}.Release|x64.ActiveCfg = Release|x64
		{B0C37C10-58CA-46FB-9C36-4229964F778A}.Release|x64.Build.0 = Release|x64
		{B0C37C10-58CA-46FB-9C36-4229964F778A}.Release|x86.ActiveCfg = Release|Win32
		{B0C37C10-58CA-46FB-9C36-4229964F778A}.Release|x86.Build.0 = Release|Win32
		{B09FFD08-B46B-4FFB-BD31-98EDEE574AF9}.Debug|x64.ActiveCfg = Debug|x64
		{B09FFD08-B46B-4FFB-BD31-98EDEE574AF9}.Debug|x64.Build.0 = Debug|x64
		{B09FFD08-B46B-4FFB-BD31-98EDEE574AF9}.Debug|x86.ActiveCfg = Debug|Win32
		{B09FFD08-B46B-4FFB-BD31-98EDEE574AF9}.Debug|x86.Build.0 = Debug|Win32
		{B09FFD08-B46B-4FFB-BD31-98EDEE574AF9}.Release|x64.ActiveCfg = Release|x64
		{B09FFD08-B46B-4FFB-BD31-98EDEE574AF9}.Release|x64.Build.0 = Release|x64
		{B09FFD08-B46B-4FFB-BD31-98EDEE574AF9}.Release|x86.ActiveCfg = Release|Win32
		{B09FFD08-B46B-4FFB-BD31-98EDEE574AF9}.Release|x86.Build.0 = Release|Win32
		{2DB92C65-4D77-462D-997E-04AF7F000CE8}.Debug|x64.ActiveCfg = Debug|x64
		{2DB92C65-4D77-462D-997E-04AF7F000CE8}.Debug|x64.Build.0 = Debug|x64
		{2DB92C65-4D77-462D-997E-04AF7F000CE8}.Debug|x86.ActiveCfg = Debug|Win32
		{2DB92C65-4D77-462D-997E-04AF7F000CE8}.Debug|x86.Build.0 = Debug|Win32
		{2DB92C65-4D77-462D-997E-04AF7F000CE8}.Release|x64.ActiveCfg = Release|x64
		{2DB92C65-4D77-462D-997E-04AF7F000CE8}.Release|x64.Build.0 = Release|x64
		{2DB92C65-4D77-462D-997E-04AF7F000CE8}.Release|x86.ActiveCfg = Release|Win32
		{2DB92C65-4D77-462D-997E-04AF7F000CE8}.Release|x86.Build.0 = Release|Win32
		{3C459716-71CA-4EA5-B28E-FFE2E74E53E1}.Debug|x64.ActiveCfg = Debug|x64
		{3C459716-71CA-4EA5-B28E-FFE2E74E53E1}.Debug|x64.Build.0 = Debug|x64
		{3C459716-71CA-4EA5-B28E-FFE2E74E53E1}.Debug|x86.ActiveCfg = Debug|Win32
		{3C459716-71CA-4EA5-B28E-FFE2E74E53E1}.Debug|x86.Build.0 = Debug|Win32
		{3C459716-71CA-4EA5-B28E-FFE2E74E53E1}.Release|x64.ActiveCfg = Release|x64
		{3C459716-71CA-4EA5-B28E-FFE2E74E53E1}.Release|x64.Build.0 = Release|x64
		{3C459716-71CA-4EA5-B28E-FFE2E74E53E1}.Release|x86.ActiveCfg = Release|Win32
		{3C459716-71CA-4EA5-B28E-FFE2E74E53E1}.Release|x86.Build.0 = Release|Win32
		{A5515EF5-4B9B-4B59-8EF0-F65FAB64B6E4}.Debug|x64.ActiveCfg = Debug|x64
		{A5515EF5-4B9B-4B59-8EF0-F65FAB64B6E4}.Debug|x64.Build.0 = Debug|x64
		{A5515EF5-4B9B-4B59-8EF0-F65FAB64B6E4}.Debug|x86.ActiveCfg = Debug|Win32
		{A5515EF5-4B9B-4B59-8EF0-F65FAB64B6E4}.Debug|x86.Build.0 = Debug|Win32
		{A5515EF5-4B9B-4B59-8EF0-F65FAB64B6E4}.Release|x64.ActiveCfg = Release|x64
		{A5515EF5-4B9B-4B59-8EF0-F65FAB64B6E4}.Release|x64.Build.0 = Release|x64
		{A5515EF5-4B9B-4B59-8EF0-F65FAB64B6E4}.Release|x86.ActiveCfg = Release|Win32
		{A5515EF5-4B9B-4B59-8EF0-F65FAB64B6E4}.Release|x86.Build.0 = Release|Win32
		{B775F2DF-BDA8-4722-8EB0-57AB18304041}.Debug|x64.ActiveCfg = Debug|x64
		{B775F2DF-BDA8-4722-8EB0-57AB18304041}.Debug|x64.Build.0 = Debug|x64
		{B775F2DF-BDA8-4722-8EB0-57AB18304041}.Debug|x86.ActiveCfg = Debug|Win32
		{B775F2DF-BDA8-4722-8EB0-57AB18304041}.Debug|x86.Build.0 = Debug|Win32
		{B775F2DF-BDA8-4722-8EB0-57AB18304041}.Release|x64.ActiveCfg = Release|x64
		{B775F2DF-BDA8-4722-8EB0-57AB18304041}.Release|x64.Build.0 = Release|x64
		{B775F2DF-BDA8-4722-8EB0-57AB18304041}.Release|x86.ActiveCfg = Release|Win32
		{B775F2DF-BDA8-4722-8EB0-57AB18304041}.Release|x86.Build.0 = Release|Win32
		{8C18C6A0-E6C8-41A7-A061-24B1985B6733}.Debug|x64.ActiveCfg = Debug|x64
		{8C18C6A0-E6C8-41A7-A061-24B1985B6733}.Debug|x64.Build.0 = Debug|x64
		{8C18C6A0-E6C8-41A7-A061-24B1985B6733}.Debug|x86.ActiveCfg = Debug|Win32
		{8C18C6A0-E6C8-41A7-A061-24B1985B6733}.Debug|x86.Build.0 = Debug|Win32
		{8C18C6A0-E6C8-41A7-A061-24B1985B6733}.Release|x64.ActiveCfg = Release|x64
		{8C18C6A0-E6C8-41A7-A061-24B1985B6733}.Release|x64.Build.0 = Release|x64
		{8C18C6A0-E6C8-41A7-A061-24B1985B6733}.Release|x86.ActiveCfg = Release|Win32
		{8C18C6A0-E6C8-41A7-A061-24B1985B6733}.Release|x86.Build.0 = Release|Win32
		{4EDFE173-1126-4B50-9835-10766363E429}.Debug|x64.ActiveCfg = Debug|x64
		{4EDFE173-1126-4B50-9835-10766363E429}.Debug|x64.Build.0 = Debug|x64
		{4EDFE173-1126-4B50-9835-10766363E429}.Debug|x86.ActiveCfg = Debug|Win32
		{4EDFE173-1126-4B50-9835-10766363E429}.Debug|x86.Build.0 = Debug|Win32
		{4EDFE173-1126-4B50-9835-10766363E429}.Release|x64.ActiveCfg = Release|x64
		{4EDFE173-1126-4B50-9835-10766363E429}.Release|x64.Build.0 = Release|x64
		{4EDFE173-1126-4B50-9835-10766363E429}.Release|x86.ActiveCfg = Release|Win32
		{4EDFE173-1126-4B50-9835-10766363E429}.Release|x86.Build.0 = Release|Win32
		{FB8B0E10-74C3-409D-99FE-2F54869FCE2F}.Debug|x64.ActiveCfg = Debug|x64
		{FB8B0E10-74C3-409D-99FE-2F54869FCE2F}.Debug|x64.Build.0 = Debug|x64
		{FB8B0E10-74C3-409D-99FE-2F54869FCE2F}.Debug|x86.ActiveCfg = Debug|Win32
		{FB8B0E10-74C3-409D-99FE-2F54869FCE2F}.Debug|x86.Build.0 = Debug|Win32
		{FB8B0E10-74C3-409D-99FE-2F54869FCE2F}.Release|x64.ActiveCfg = Release|x64
		{FB8B0E10-74C3-409D-99FE-2F54869FCE2F}.Release|x64.Build.0 = Release|x64
		{FB8B0E10-74C3-409D-99FE-2F54869FCE2F}.Release|x86.ActiveCfg = Release|Win32
		{FB8B0E10-74C3-409D-99FE-2F54869FCE2F}.Release|x86.Build.0 = Release|Win32
		{7409FA6D-5041-4576-ACC0-FE3E2ECA8BE8}.Debug|x64.ActiveCfg = Debug|x64
		{7409FA6D-5041-4576-ACC0-FE3E2ECA8BE8}.Debug|x64.Build.0 = Debug|x64
		{7409FA6D-5041-4576-ACC0-FE3E2ECA8BE8}.Debug|x86.ActiveCfg = Debug|Win32
		{7409FA6D-5041-4576-ACC0-FE3E2ECA8BE8}.Debug|x86.Build.0 = Debug|Win32
		{7409FA6D-5041-4576-ACC0-FE3E2ECA8BE8}.Release|x64.ActiveCfg = Release|x64
		{7409FA6D-5041-4576-ACC0-FE3E2ECA8BE8}.Release|x64.Build.0 = Release|x64
		{7409FA6D-5041-4576-ACC0-FE3E2ECA8BE8}.Release|x86.ActiveCfg = Release|Win32
		{7409FA6D-5041-4576-ACC0-FE3E2ECA8BE8}.Release|x86.Build.0 = Release|Win32
	EndGlobalSection
	GlobalSection(SolutionProperties) = preSolution
		HideSolutionNode = FALSE
	EndGlobalSection
	GlobalSection(ExtensibilityGlobals) = postSolution
		SolutionGuid = {ED47F7D1-F7B6-4782-B07B-EB68C949C0BD}
	EndGlobalSection
EndGlobal
